// !$*UTF8*$!
{
	archiveVersion = 1;
	classes = {
	};
	objectVersion = 46;
	objects = {

/* Begin PBXBuildFile section */
		F39E1D9A19E098A800DBFB0C /* main.cpp in Sources */ = {isa = PBXBuildFile; fileRef = F39E1D9919E098A800DBFB0C /* main.cpp */; };
		F39E1DA219E0A69300DBFB0C /* AddressSplit.cpp in Sources */ = {isa = PBXBuildFile; fileRef = F39E1DA019E0A69300DBFB0C /* AddressSplit.cpp */; };
/* End PBXBuildFile section */

/* Begin PBXCopyFilesBuildPhase section */
		F39E1D9419E098A800DBFB0C /* CopyFiles */ = {
			isa = PBXCopyFilesBuildPhase;
			buildActionMask = 2147483647;
			dstPath = /usr/share/man/man1/;
			dstSubfolderSpec = 0;
			files = (
			);
			runOnlyForDeploymentPostprocessing = 1;
		};
/* End PBXCopyFilesBuildPhase section */

/* Begin PBXFileReference section */
		F39E1D9619E098A800DBFB0C /* CacheSimulatorLab1 */ = {isa = PBXFileReference; explicitFileType = "compiled.mach-o.executable"; includeInIndex = 0; path = CacheSimulatorLab1; sourceTree = BUILT_PRODUCTS_DIR; };
		F39E1D9919E098A800DBFB0C /* main.cpp */ = {isa = PBXFileReference; lastKnownFileType = sourcecode.cpp.cpp; path = main.cpp; sourceTree = "<group>"; };
		F39E1DA019E0A69300DBFB0C /* AddressSplit.cpp */ = {isa = PBXFileReference; fileEncoding = 4; lastKnownFileType = sourcecode.cpp.cpp; path = AddressSplit.cpp; sourceTree = "<group>"; };
		F39E1DA119E0A69300DBFB0C /* AddressSplit.h */ = {isa = PBXFileReference; fileEncoding = 4; lastKnownFileType = sourcecode.c.h; path = AddressSplit.h; sourceTree = "<group>"; };
/* End PBXFileReference section */

/* Begin PBXFrameworksBuildPhase section */
		F39E1D9319E098A800DBFB0C /* Frameworks */ = {
			isa = PBXFrameworksBuildPhase;
			buildActionMask = 2147483647;
			files = (
			);
			runOnlyForDeploymentPostprocessing = 0;
		};
/* End PBXFrameworksBuildPhase section */

/* Begin PBXGroup section */
		F39E1D8D19E098A700DBFB0C = {
			isa = PBXGroup;
			children = (
				F39E1D9819E098A800DBFB0C /* CacheSimulatorLab1 */,
				F39E1D9719E098A800DBFB0C /* Products */,
			);
			sourceTree = "<group>";
		};
		F39E1D9719E098A800DBFB0C /* Products */ = {
			isa = PBXGroup;
			children = (
				F39E1D9619E098A800DBFB0C /* CacheSimulatorLab1 */,
			);
			name = Products;
			sourceTree = "<group>";
		};
		F39E1D9819E098A800DBFB0C /* CacheSimulatorLab1 */ = {
			isa = PBXGroup;
			children = (
				F39E1D9919E098A800DBFB0C /* main.cpp */,
				F39E1DA019E0A69300DBFB0C /* AddressSplit.cpp */,
				F39E1DA119E0A69300DBFB0C /* AddressSplit.h */,
			);
			path = CacheSimulatorLab1;
			sourceTree = "<group>";
		};
/* End PBXGroup section */

/* Begin PBXNativeTarget section */
		F39E1D9519E098A800DBFB0C /* CacheSimulatorLab1 */ = {
			isa = PBXNativeTarget;
			buildConfigurationList = F39E1D9D19E098A800DBFB0C /* Build configuration list for PBXNativeTarget "CacheSimulatorLab1" */;
			buildPhases = (
				F39E1D9219E098A800DBFB0C /* Sources */,
				F39E1D9319E098A800DBFB0C /* Frameworks */,
				F39E1D9419E098A800DBFB0C /* CopyFiles */,
			);
			buildRules = (
			);
			dependencies = (
			);
			name = CacheSimulatorLab1;
			productName = CacheSimulatorLab1;
			productReference = F39E1D9619E098A800DBFB0C /* CacheSimulatorLab1 */;
			productType = "com.apple.product-type.tool";
		};
/* End PBXNativeTarget section */

/* Begin PBXProject section */
		F39E1D8E19E098A700DBFB0C /* Project object */ = {
			isa = PBXProject;
			attributes = {
				LastUpgradeCheck = 0600;
				ORGANIZATIONNAME = "Cristobal Gallegos";
				TargetAttributes = {
					F39E1D9519E098A800DBFB0C = {
						CreatedOnToolsVersion = 6.0.1;
					};
				};
			};
			buildConfigurationList = F39E1D9119E098A800DBFB0C /* Build configuration list for PBXProject "CacheSimulatorLab1" */;
			compatibilityVersion = "Xcode 3.2";
			developmentRegion = English;
			hasScannedForEncodings = 0;
			knownRegions = (
				en,
			);
			mainGroup = F39E1D8D19E098A700DBFB0C;
			productRefGroup = F39E1D9719E098A800DBFB0C /* Products */;
			projectDirPath = "";
			projectRoot = "";
			targets = (
				F39E1D9519E098A800DBFB0C /* CacheSimulatorLab1 */,
			);
		};
/* End PBXProject section */

/* Begin PBXSourcesBuildPhase section */
		F39E1D9219E098A800DBFB0C /* Sources */ = {
			isa = PBXSourcesBuildPhase;
			buildActionMask = 2147483647;
			files = (
				F39E1D9A19E098A800DBFB0C /* main.cpp in Sources */,
				F39E1DA219E0A69300DBFB0C /* AddressSplit.cpp in Sources */,
			);
			runOnlyForDeploymentPostprocessing = 0;
		};
/* End PBXSourcesBuildPhase section */

/* Begin XCBuildConfiguration section */
		F39E1D9B19E098A800DBFB0C /* Debug */ = {
			isa = XCBuildConfiguration;
			buildSettings = {
				ALWAYS_SEARCH_USER_PATHS = NO;
				CLANG_CXX_LANGUAGE_STANDARD = "gnu++0x";
				CLANG_CXX_LIBRARY = "libc++";
				CLANG_ENABLE_MODULES = YES;
				CLANG_ENABLE_OBJC_ARC = YES;
				CLANG_WARN_BOOL_CONVERSION = YES;
				CLANG_WARN_CONSTANT_CONVERSION = YES;
				CLANG_WARN_DIRECT_OBJC_ISA_USAGE = YES_ERROR;
				CLANG_WARN_EMPTY_BODY = YES;
				CLANG_WARN_ENUM_CONVERSION = YES;
				CLANG_WARN_INT_CONVERSION = YES;
				CLANG_WARN_OBJC_ROOT_CLASS = YES_ERROR;
				CLANG_WARN_UNREACHABLE_CODE = YES;
				CLANG_WARN__DUPLICATE_METHOD_MATCH = YES;
				COPY_PHASE_STRIP = NO;
				ENABLE_STRICT_OBJC_MSGSEND = YES;
				GCC_C_LANGUAGE_STANDARD = gnu99;
				GCC_DYNAMIC_NO_PIC = NO;
				GCC_OPTIMIZATION_LEVEL = 0;
				GCC_PREPROCESSOR_DEFINITIONS = (
					"DEBUG=1",
					"$(inherited)",
				);
				GCC_SYMBOLS_PRIVATE_EXTERN = NO;
				GCC_WARN_64_TO_32_BIT_CONVERSION = YES;
				GCC_WARN_ABOUT_RETURN_TYPE = YES_ERROR;
				GCC_WARN_UNDECLARED_SELECTOR = YES;
				GCC_WARN_UNINITIALIZED_AUTOS = YES_AGGRESSIVE;
				GCC_WARN_UNUSED_FUNCTION = YES;
				GCC_WARN_UNUSED_VARIABLE = YES;
				MACOSX_DEPLOYMENT_TARGET = 10.9;
				MTL_ENABLE_DEBUG_INFO = YES;
				ONLY_ACTIVE_ARCH = YES;
				SDKROOT = macosx;
			};
			name = Debug;
		};
		F39E1D9C19E098A800DBFB0C /* Release */ = {
			isa = XCBuildConfiguration;
			buildSettings = {
				ALWAYS_SEARCH_USER_PATHS = NO;
				CLANG_CXX_LANGUAGE_STANDARD = "gnu++0x";
				CLANG_CXX_LIBRARY = "libc++";
				CLANG_ENABLE_MODULES = YES;
				CLANG_ENABLE_OBJC_ARC = YES;
				CLANG_WARN_BOOL_CONVERSION = YES;
				CLANG_WARN_CONSTANT_CONVERSION = YES;
				CLANG_WARN_DIRECT_OBJC_ISA_USAGE = YES_ERROR;
				CLANG_WARN_EMPTY_BODY = YES;
				CLANG_WARN_ENUM_CONVERSION = YES;
				CLANG_WARN_INT_CONVERSION = YES;
				CLANG_WARN_OBJC_ROOT_CLASS = YES_ERROR;
				CLANG_WARN_UNREACHABLE_CODE = YES;
				CLANG_WARN__DUPLICATE_METHOD_MATCH = YES;
				COPY_PHASE_STRIP = YES;
				DEBUG_INFORMATION_FORMAT = "dwarf-with-dsym";
				ENABLE_NS_ASSERTIONS = NO;
				ENABLE_STRICT_OBJC_MSGSEND = YES;
				GCC_C_LANGUAGE_STANDARD = gnu99;
				GCC_WARN_64_TO_32_BIT_CONVERSION = YES;
				GCC_WARN_ABOUT_RETURN_TYPE = YES_ERROR;
				GCC_WARN_UNDECLARED_SELECTOR = YES;
				GCC_WARN_UNINITIALIZED_AUTOS = YES_AGGRESSIVE;
				GCC_WARN_UNUSED_FUNCTION = YES;
				GCC_WARN_UNUSED_VARIABLE = YES;
				MACOSX_DEPLOYMENT_TARGET = 10.9;
				MTL_ENABLE_DEBUG_INFO = NO;
				SDKROOT = macosx;
			};
			name = Release;
		};
		F39E1D9E19E098A800DBFB0C /* Debug */ = {
			isa = XCBuildConfiguration;
			buildSettings = {
				PRODUCT_NAME = "$(TARGET_NAME)";
			};
			name = Debug;
		};
		F39E1D9F19E098A800DBFB0C /* Release */ = {
			isa = XCBuildConfiguration;
			buildSettings = {
				PRODUCT_NAME = "$(TARGET_NAME)";
			};
			name = Release;
		};
/* End XCBuildConfiguration section */

/* Begin XCConfigurationList section */
		F39E1D9119E098A800DBFB0C /* Build configuration list for PBXProject "CacheSimulatorLab1" */ = {
			isa = XCConfigurationList;
			buildConfigurations = (
				F39E1D9B19E098A800DBFB0C /* Debug */,
				F39E1D9C19E098A800DBFB0C /* Release */,
			);
			defaultConfigurationIsVisible = 0;
			defaultConfigurationName = Release;
		};
		F39E1D9D19E098A800DBFB0C /* Build configuration list for PBXNativeTarget "CacheSimulatorLab1" */ = {
			isa = XCConfigurationList;
			buildConfigurations = (
				F39E1D9E19E098A800DBFB0C /* Debug */,
				F39E1D9F19E098A800DBFB0C /* Release */,
			);
			defaultConfigurationIsVisible = 0;
			defaultConfigurationName = Release;
		};
/* End XCConfigurationList section */
	};
	rootObject = F39E1D8E19E098A700DBFB0C /* Project object */;
}
